// !$*UTF8*$!
{
	archiveVersion = 1;
	classes = {
	};
	objectVersion = 46;
	objects = {

/* Begin PBXBuildFile section */
		FDC5652C194E46590063D74C /* Foundation.framework in Frameworks */ = {isa = PBXBuildFile; fileRef = FDC5652B194E46590063D74C /* Foundation.framework */; };
		FDC5652E194E46590063D74C /* CoreGraphics.framework in Frameworks */ = {isa = PBXBuildFile; fileRef = FDC5652D194E46590063D74C /* CoreGraphics.framework */; };
		FDC56530194E46590063D74C /* UIKit.framework in Frameworks */ = {isa = PBXBuildFile; fileRef = FDC5652F194E46590063D74C /* UIKit.framework */; };
		FDC56536194E46590063D74C /* InfoPlist.strings in Resources */ = {isa = PBXBuildFile; fileRef = FDC56534194E46590063D74C /* InfoPlist.strings */; };
		FDC56538194E46590063D74C /* main.m in Sources */ = {isa = PBXBuildFile; fileRef = FDC56537194E46590063D74C /* main.m */; };
		FDC5653C194E46590063D74C /* AppDelegate.m in Sources */ = {isa = PBXBuildFile; fileRef = FDC5653B194E46590063D74C /* AppDelegate.m */; };
		FDC5653E194E46590063D74C /* Images.xcassets in Resources */ = {isa = PBXBuildFile; fileRef = FDC5653D194E46590063D74C /* Images.xcassets */; };
		FDC56545194E46590063D74C /* XCTest.framework in Frameworks */ = {isa = PBXBuildFile; fileRef = FDC56544194E46590063D74C /* XCTest.framework */; };
		FDC56546194E46590063D74C /* Foundation.framework in Frameworks */ = {isa = PBXBuildFile; fileRef = FDC5652B194E46590063D74C /* Foundation.framework */; };
		FDC56547194E46590063D74C /* UIKit.framework in Frameworks */ = {isa = PBXBuildFile; fileRef = FDC5652F194E46590063D74C /* UIKit.framework */; };
		FDC5654F194E46590063D74C /* InfoPlist.strings in Resources */ = {isa = PBXBuildFile; fileRef = FDC5654D194E46590063D74C /* InfoPlist.strings */; };
		FDC56551194E46590063D74C /* Week2HWTests.m in Sources */ = {isa = PBXBuildFile; fileRef = FDC56550194E46590063D74C /* Week2HWTests.m */; };
		FDC5655D194E46AD0063D74C /* MainViewController.m in Sources */ = {isa = PBXBuildFile; fileRef = FDC5655B194E46AD0063D74C /* MainViewController.m */; };
		FDC5655E194E46AD0063D74C /* MainViewController.xib in Resources */ = {isa = PBXBuildFile; fileRef = FDC5655C194E46AD0063D74C /* MainViewController.xib */; };
		FDC56562194E46C10063D74C /* FeedViewController.m in Sources */ = {isa = PBXBuildFile; fileRef = FDC56560194E46C10063D74C /* FeedViewController.m */; };
		FDC56563194E46C10063D74C /* FeedViewController.xib in Resources */ = {isa = PBXBuildFile; fileRef = FDC56561194E46C10063D74C /* FeedViewController.xib */; };
/* End PBXBuildFile section */

/* Begin PBXContainerItemProxy section */
		FDC56548194E46590063D74C /* PBXContainerItemProxy */ = {
			isa = PBXContainerItemProxy;
			containerPortal = FDC56520194E46590063D74C /* Project object */;
			proxyType = 1;
			remoteGlobalIDString = FDC56527194E46590063D74C;
			remoteInfo = Week2HW;
		};
/* End PBXContainerItemProxy section */

/* Begin PBXFileReference section */
		FDC56528194E46590063D74C /* Week2HW.app */ = {isa = PBXFileReference; explicitFileType = wrapper.application; includeInIndex = 0; path = Week2HW.app; sourceTree = BUILT_PRODUCTS_DIR; };
		FDC5652B194E46590063D74C /* Foundation.framework */ = {isa = PBXFileReference; lastKnownFileType = wrapper.framework; name = Foundation.framework; path = System/Library/Frameworks/Foundation.framework; sourceTree = SDKROOT; };
		FDC5652D194E46590063D74C /* CoreGraphics.framework */ = {isa = PBXFileReference; lastKnownFileType = wrapper.framework; name = CoreGraphics.framework; path = System/Library/Frameworks/CoreGraphics.framework; sourceTree = SDKROOT; };
		FDC5652F194E46590063D74C /* UIKit.framework */ = {isa = PBXFileReference; lastKnownFileType = wrapper.framework; name = UIKit.framework; path = System/Library/Frameworks/UIKit.framework; sourceTree = SDKROOT; };
		FDC56533194E46590063D74C /* Week2HW-Info.plist */ = {isa = PBXFileReference; lastKnownFileType = text.plist.xml; path = "Week2HW-Info.plist"; sourceTree = "<group>"; };
		FDC56535194E46590063D74C /* en */ = {isa = PBXFileReference; lastKnownFileType = text.plist.strings; name = en; path = en.lproj/InfoPlist.strings; sourceTree = "<group>"; };
		FDC56537194E46590063D74C /* main.m */ = {isa = PBXFileReference; lastKnownFileType = sourcecode.c.objc; path = main.m; sourceTree = "<group>"; };
		FDC56539194E46590063D74C /* Week2HW-Prefix.pch */ = {isa = PBXFileReference; lastKnownFileType = sourcecode.c.h; path = "Week2HW-Prefix.pch"; sourceTree = "<group>"; };
		FDC5653A194E46590063D74C /* AppDelegate.h */ = {isa = PBXFileReference; lastKnownFileType = sourcecode.c.h; path = AppDelegate.h; sourceTree = "<group>"; };
		FDC5653B194E46590063D74C /* AppDelegate.m */ = {isa = PBXFileReference; lastKnownFileType = sourcecode.c.objc; path = AppDelegate.m; sourceTree = "<group>"; };
		FDC5653D194E46590063D74C /* Images.xcassets */ = {isa = PBXFileReference; lastKnownFileType = folder.assetcatalog; path = Images.xcassets; sourceTree = "<group>"; };
		FDC56543194E46590063D74C /* Week2HWTests.xctest */ = {isa = PBXFileReference; explicitFileType = wrapper.cfbundle; includeInIndex = 0; path = Week2HWTests.xctest; sourceTree = BUILT_PRODUCTS_DIR; };
		FDC56544194E46590063D74C /* XCTest.framework */ = {isa = PBXFileReference; lastKnownFileType = wrapper.framework; name = XCTest.framework; path = Library/Frameworks/XCTest.framework; sourceTree = DEVELOPER_DIR; };
		FDC5654C194E46590063D74C /* Week2HWTests-Info.plist */ = {isa = PBXFileReference; lastKnownFileType = text.plist.xml; path = "Week2HWTests-Info.plist"; sourceTree = "<group>"; };
		FDC5654E194E46590063D74C /* en */ = {isa = PBXFileReference; lastKnownFileType = text.plist.strings; name = en; path = en.lproj/InfoPlist.strings; sourceTree = "<group>"; };
		FDC56550194E46590063D74C /* Week2HWTests.m */ = {isa = PBXFileReference; lastKnownFileType = sourcecode.c.objc; path = Week2HWTests.m; sourceTree = "<group>"; };
		FDC5655A194E46AD0063D74C /* MainViewController.h */ = {isa = PBXFileReference; fileEncoding = 4; lastKnownFileType = sourcecode.c.h; path = MainViewController.h; sourceTree = "<group>"; };
		FDC5655B194E46AD0063D74C /* MainViewController.m */ = {isa = PBXFileReference; fileEncoding = 4; lastKnownFileType = sourcecode.c.objc; path = MainViewController.m; sourceTree = "<group>"; };
		FDC5655C194E46AD0063D74C /* MainViewController.xib */ = {isa = PBXFileReference; fileEncoding = 4; lastKnownFileType = file.xib; path = MainViewController.xib; sourceTree = "<group>"; };
		FDC5655F194E46C10063D74C /* FeedViewController.h */ = {isa = PBXFileReference; fileEncoding = 4; lastKnownFileType = sourcecode.c.h; path = FeedViewController.h; sourceTree = "<group>"; };
		FDC56560194E46C10063D74C /* FeedViewController.m */ = {isa = PBXFileReference; fileEncoding = 4; lastKnownFileType = sourcecode.c.objc; path = FeedViewController.m; sourceTree = "<group>"; };
		FDC56561194E46C10063D74C /* FeedViewController.xib */ = {isa = PBXFileReference; fileEncoding = 4; lastKnownFileType = file.xib; path = FeedViewController.xib; sourceTree = "<group>"; };
/* End PBXFileReference section */

/* Begin PBXFrameworksBuildPhase section */
		FDC56525194E46590063D74C /* Frameworks */ = {
			isa = PBXFrameworksBuildPhase;
			buildActionMask = 2147483647;
			files = (
				FDC5652E194E46590063D74C /* CoreGraphics.framework in Frameworks */,
				FDC56530194E46590063D74C /* UIKit.framework in Frameworks */,
				FDC5652C194E46590063D74C /* Foundation.framework in Frameworks */,
			);
			runOnlyForDeploymentPostprocessing = 0;
		};
		FDC56540194E46590063D74C /* Frameworks */ = {
			isa = PBXFrameworksBuildPhase;
			buildActionMask = 2147483647;
			files = (
				FDC56545194E46590063D74C /* XCTest.framework in Frameworks */,
				FDC56547194E46590063D74C /* UIKit.framework in Frameworks */,
				FDC56546194E46590063D74C /* Foundation.framework in Frameworks */,
			);
			runOnlyForDeploymentPostprocessing = 0;
		};
/* End PBXFrameworksBuildPhase section */

/* Begin PBXGroup section */
		FDC5651F194E46590063D74C = {
			isa = PBXGroup;
			children = (
				FDC56531194E46590063D74C /* Week2HW */,
				FDC5654A194E46590063D74C /* Week2HWTests */,
				FDC5652A194E46590063D74C /* Frameworks */,
				FDC56529194E46590063D74C /* Products */,
			);
			sourceTree = "<group>";
		};
		FDC56529194E46590063D74C /* Products */ = {
			isa = PBXGroup;
			children = (
				FDC56528194E46590063D74C /* Week2HW.app */,
				FDC56543194E46590063D74C /* Week2HWTests.xctest */,
			);
			name = Products;
			sourceTree = "<group>";
		};
		FDC5652A194E46590063D74C /* Frameworks */ = {
			isa = PBXGroup;
			children = (
				FDC5652B194E46590063D74C /* Foundation.framework */,
				FDC5652D194E46590063D74C /* CoreGraphics.framework */,
				FDC5652F194E46590063D74C /* UIKit.framework */,
				FDC56544194E46590063D74C /* XCTest.framework */,
			);
			name = Frameworks;
			sourceTree = "<group>";
		};
		FDC56531194E46590063D74C /* Week2HW */ = {
			isa = PBXGroup;
			children = (
				FDC5653A194E46590063D74C /* AppDelegate.h */,
				FDC5653B194E46590063D74C /* AppDelegate.m */,
				FDC5653D194E46590063D74C /* Images.xcassets */,
				FDC56532194E46590063D74C /* Supporting Files */,
				FDC5655A194E46AD0063D74C /* MainViewController.h */,
				FDC5655B194E46AD0063D74C /* MainViewController.m */,
				FDC5655C194E46AD0063D74C /* MainViewController.xib */,
				FDC5655F194E46C10063D74C /* FeedViewController.h */,
				FDC56560194E46C10063D74C /* FeedViewController.m */,
				FDC56561194E46C10063D74C /* FeedViewController.xib */,
			);
			path = Week2HW;
			sourceTree = "<group>";
		};
		FDC56532194E46590063D74C /* Supporting Files */ = {
			isa = PBXGroup;
			children = (
				FDC56533194E46590063D74C /* Week2HW-Info.plist */,
				FDC56534194E46590063D74C /* InfoPlist.strings */,
				FDC56537194E46590063D74C /* main.m */,
				FDC56539194E46590063D74C /* Week2HW-Prefix.pch */,
			);
			name = "Supporting Files";
			sourceTree = "<group>";
		};
		FDC5654A194E46590063D74C /* Week2HWTests */ = {
			isa = PBXGroup;
			children = (
				FDC56550194E46590063D74C /* Week2HWTests.m */,
				FDC5654B194E46590063D74C /* Supporting Files */,
			);
			path = Week2HWTests;
			sourceTree = "<group>";
		};
		FDC5654B194E46590063D74C /* Supporting Files */ = {
			isa = PBXGroup;
			children = (
				FDC5654C194E46590063D74C /* Week2HWTests-Info.plist */,
				FDC5654D194E46590063D74C /* InfoPlist.strings */,
			);
			name = "Supporting Files";
			sourceTree = "<group>";
		};
/* End PBXGroup section */

/* Begin PBXNativeTarget section */
		FDC56527194E46590063D74C /* Week2HW */ = {
			isa = PBXNativeTarget;
			buildConfigurationList = FDC56554194E46590063D74C /* Build configuration list for PBXNativeTarget "Week2HW" */;
			buildPhases = (
				FDC56524194E46590063D74C /* Sources */,
				FDC56525194E46590063D74C /* Frameworks */,
				FDC56526194E46590063D74C /* Resources */,
			);
			buildRules = (
			);
			dependencies = (
			);
			name = Week2HW;
			productName = Week2HW;
			productReference = FDC56528194E46590063D74C /* Week2HW.app */;
			productType = "com.apple.product-type.application";
		};
		FDC56542194E46590063D74C /* Week2HWTests */ = {
			isa = PBXNativeTarget;
			buildConfigurationList = FDC56557194E46590063D74C /* Build configuration list for PBXNativeTarget "Week2HWTests" */;
			buildPhases = (
				FDC5653F194E46590063D74C /* Sources */,
				FDC56540194E46590063D74C /* Frameworks */,
				FDC56541194E46590063D74C /* Resources */,
			);
			buildRules = (
			);
			dependencies = (
				FDC56549194E46590063D74C /* PBXTargetDependency */,
			);
			name = Week2HWTests;
			productName = Week2HWTests;
			productReference = FDC56543194E46590063D74C /* Week2HWTests.xctest */;
			productType = "com.apple.product-type.bundle.unit-test";
		};
/* End PBXNativeTarget section */

/* Begin PBXProject section */
		FDC56520194E46590063D74C /* Project object */ = {
			isa = PBXProject;
			attributes = {
				LastUpgradeCheck = 0510;
				ORGANIZATIONNAME = codepath;
				TargetAttributes = {
					FDC56542194E46590063D74C = {
						TestTargetID = FDC56527194E46590063D74C;
					};
				};
			};
			buildConfigurationList = FDC56523194E46590063D74C /* Build configuration list for PBXProject "Week2HW" */;
			compatibilityVersion = "Xcode 3.2";
			developmentRegion = English;
			hasScannedForEncodings = 0;
			knownRegions = (
				en,
			);
			mainGroup = FDC5651F194E46590063D74C;
			productRefGroup = FDC56529194E46590063D74C /* Products */;
			projectDirPath = "";
			projectRoot = "";
			targets = (
				FDC56527194E46590063D74C /* Week2HW */,
				FDC56542194E46590063D74C /* Week2HWTests */,
			);
		};
/* End PBXProject section */

/* Begin PBXResourcesBuildPhase section */
		FDC56526194E46590063D74C /* Resources */ = {
			isa = PBXResourcesBuildPhase;
			buildActionMask = 2147483647;
			files = (
				FDC56536194E46590063D74C /* InfoPlist.strings in Resources */,
				FDC5655E194E46AD0063D74C /* MainViewController.xib in Resources */,
				FDC56563194E46C10063D74C /* FeedViewController.xib in Resources */,
				FDC5653E194E46590063D74C /* Images.xcassets in Resources */,
			);
			runOnlyForDeploymentPostprocessing = 0;
		};
		FDC56541194E46590063D74C /* Resources */ = {
			isa = PBXResourcesBuildPhase;
			buildActionMask = 2147483647;
			files = (
				FDC5654F194E46590063D74C /* InfoPlist.strings in Resources */,
			);
			runOnlyForDeploymentPostprocessing = 0;
		};
/* End PBXResourcesBuildPhase section */

/* Begin PBXSourcesBuildPhase section */
		FDC56524194E46590063D74C /* Sources */ = {
			isa = PBXSourcesBuildPhase;
			buildActionMask = 2147483647;
			files = (
				FDC5653C194E46590063D74C /* AppDelegate.m in Sources */,
				FDC5655D194E46AD0063D74C /* MainViewController.m in Sources */,
				FDC56562194E46C10063D74C /* FeedViewController.m in Sources */,
				FDC56538194E46590063D74C /* main.m in Sources */,
			);
			runOnlyForDeploymentPostprocessing = 0;
		};
		FDC5653F194E46590063D74C /* Sources */ = {
			isa = PBXSourcesBuildPhase;
			buildActionMask = 2147483647;
			files = (
				FDC56551194E46590063D74C /* Week2HWTests.m in Sources */,
			);
			runOnlyForDeploymentPostprocessing = 0;
		};
/* End PBXSourcesBuildPhase section */

/* Begin PBXTargetDependency section */
		FDC56549194E46590063D74C /* PBXTargetDependency */ = {
			isa = PBXTargetDependency;
			target = FDC56527194E46590063D74C /* Week2HW */;
			targetProxy = FDC56548194E46590063D74C /* PBXContainerItemProxy */;
		};
/* End PBXTargetDependency section */

/* Begin PBXVariantGroup section */
		FDC56534194E46590063D74C /* InfoPlist.strings */ = {
			isa = PBXVariantGroup;
			children = (
				FDC56535194E46590063D74C /* en */,
			);
			name = InfoPlist.strings;
			sourceTree = "<group>";
		};
		FDC5654D194E46590063D74C /* InfoPlist.strings */ = {
			isa = PBXVariantGroup;
			children = (
				FDC5654E194E46590063D74C /* en */,
			);
			name = InfoPlist.strings;
			sourceTree = "<group>";
		};
/* End PBXVariantGroup section */

/* Begin XCBuildConfiguration section */
		FDC56552194E46590063D74C /* Debug */ = {
			isa = XCBuildConfiguration;
			buildSettings = {
				ALWAYS_SEARCH_USER_PATHS = NO;
				CLANG_CXX_LANGUAGE_STANDARD = "gnu++0x";
				CLANG_CXX_LIBRARY = "libc++";
				CLANG_ENABLE_MODULES = YES;
				CLANG_ENABLE_OBJC_ARC = YES;
				CLANG_WARN_BOOL_CONVERSION = YES;
				CLANG_WARN_CONSTANT_CONVERSION = YES;
				CLANG_WARN_DIRECT_OBJC_ISA_USAGE = YES_ERROR;
				CLANG_WARN_EMPTY_BODY = YES;
				CLANG_WARN_ENUM_CONVERSION = YES;
				CLANG_WARN_INT_CONVERSION = YES;
				CLANG_WARN_OBJC_ROOT_CLASS = YES_ERROR;
				CLANG_WARN__DUPLICATE_METHOD_MATCH = YES;
				"CODE_SIGN_IDENTITY[sdk=iphoneos*]" = "iPhone Developer";
				COPY_PHASE_STRIP = NO;
				GCC_C_LANGUAGE_STANDARD = gnu99;
				GCC_DYNAMIC_NO_PIC = NO;
				GCC_OPTIMIZATION_LEVEL = 0;
				GCC_PREPROCESSOR_DEFINITIONS = (
					"DEBUG=1",
					"$(inherited)",
				);
				GCC_SYMBOLS_PRIVATE_EXTERN = NO;
				GCC_WARN_64_TO_32_BIT_CONVERSION = YES;
				GCC_WARN_ABOUT_RETURN_TYPE = YES_ERROR;
				GCC_WARN_UNDECLARED_SELECTOR = YES;
				GCC_WARN_UNINITIALIZED_AUTOS = YES_AGGRESSIVE;
				GCC_WARN_UNUSED_FUNCTION = YES;
				GCC_WARN_UNUSED_VARIABLE = YES;
				IPHONEOS_DEPLOYMENT_TARGET = 7.1;
				ONLY_ACTIVE_ARCH = YES;
				SDKROOT = iphoneos;
			};
			name = Debug;
		};
		FDC56553194E46590063D74C /* Release */ = {
			isa = XCBuildConfiguration;
			buildSettings = {
				ALWAYS_SEARCH_USER_PATHS = NO;
				CLANG_CXX_LANGUAGE_STANDARD = "gnu++0x";
				CLANG_CXX_LIBRARY = "libc++";
				CLANG_ENABLE_MODULES = YES;
				CLANG_ENABLE_OBJC_ARC = YES;
				CLANG_WARN_BOOL_CONVERSION = YES;
				CLANG_WARN_CONSTANT_CONVERSION = YES;
				CLANG_WARN_DIRECT_OBJC_ISA_USAGE = YES_ERROR;
				CLANG_WARN_EMPTY_BODY = YES;
				CLANG_WARN_ENUM_CONVERSION = YES;
				CLANG_WARN_INT_CONVERSION = YES;
				CLANG_WARN_OBJC_ROOT_CLASS = YES_ERROR;
				CLANG_WARN__DUPLICATE_METHOD_MATCH = YES;
				"CODE_SIGN_IDENTITY[sdk=iphoneos*]" = "iPhone Developer";
				COPY_PHASE_STRIP = YES;
				ENABLE_NS_ASSERTIONS = NO;
				GCC_C_LANGUAGE_STANDARD = gnu99;
				GCC_WARN_64_TO_32_BIT_CONVERSION = YES;
				GCC_WARN_ABOUT_RETURN_TYPE = YES_ERROR;
				GCC_WARN_UNDECLARED_SELECTOR = YES;
				GCC_WARN_UNINITIALIZED_AUTOS = YES_AGGRESSIVE;
				GCC_WARN_UNUSED_FUNCTION = YES;
				GCC_WARN_UNUSED_VARIABLE = YES;
				IPHONEOS_DEPLOYMENT_TARGET = 7.1;
				SDKROOT = iphoneos;
				VALIDATE_PRODUCT = YES;
			};
			name = Release;
		};
		FDC56555194E46590063D74C /* Debug */ = {
			isa = XCBuildConfiguration;
			buildSettings = {
				ASSETCATALOG_COMPILER_APPICON_NAME = AppIcon;
				ASSETCATALOG_COMPILER_LAUNCHIMAGE_NAME = LaunchImage;
				GCC_PRECOMPILE_PREFIX_HEADER = YES;
				GCC_PREFIX_HEADER = "Week2HW/Week2HW-Prefix.pch";
				INFOPLIST_FILE = "Week2HW/Week2HW-Info.plist";
				PRODUCT_NAME = "$(TARGET_NAME)";
				WRAPPER_EXTENSION = app;
			};
			name = Debug;
		};
		FDC56556194E46590063D74C /* Release */ = {
			isa = XCBuildConfiguration;
			buildSettings = {
				ASSETCATALOG_COMPILER_APPICON_NAME = AppIcon;
				ASSETCATALOG_COMPILER_LAUNCHIMAGE_NAME = LaunchImage;
				GCC_PRECOMPILE_PREFIX_HEADER = YES;
				GCC_PREFIX_HEADER = "Week2HW/Week2HW-Prefix.pch";
				INFOPLIST_FILE = "Week2HW/Week2HW-Info.plist";
				PRODUCT_NAME = "$(TARGET_NAME)";
				WRAPPER_EXTENSION = app;
			};
			name = Release;
		};
		FDC56558194E46590063D74C /* Debug */ = {
			isa = XCBuildConfiguration;
			buildSettings = {
				BUNDLE_LOADER = "$(BUILT_PRODUCTS_DIR)/Week2HW.app/Week2HW";
				FRAMEWORK_SEARCH_PATHS = (
					"$(SDKROOT)/Developer/Library/Frameworks",
					"$(inherited)",
					"$(DEVELOPER_FRAMEWORKS_DIR)",
				);
				GCC_PRECOMPILE_PREFIX_HEADER = YES;
				GCC_PREFIX_HEADER = "Week2HW/Week2HW-Prefix.pch";
				GCC_PREPROCESSOR_DEFINITIONS = (
					"DEBUG=1",
					"$(inherited)",
				);
				INFOPLIST_FILE = "Week2HWTests/Week2HWTests-Info.plist";
				PRODUCT_NAME = "$(TARGET_NAME)";
				TEST_HOST = "$(BUNDLE_LOADER)";
				WRAPPER_EXTENSION = xctest;
			};
			name = Debug;
		};
		FDC56559194E46590063D74C /* Release */ = {
			isa = XCBuildConfiguration;
			buildSettings = {
				BUNDLE_LOADER = "$(BUILT_PRODUCTS_DIR)/Week2HW.app/Week2HW";
				FRAMEWORK_SEARCH_PATHS = (
					"$(SDKROOT)/Developer/Library/Frameworks",
					"$(inherited)",
					"$(DEVELOPER_FRAMEWORKS_DIR)",
				);
				GCC_PRECOMPILE_PREFIX_HEADER = YES;
				GCC_PREFIX_HEADER = "Week2HW/Week2HW-Prefix.pch";
				INFOPLIST_FILE = "Week2HWTests/Week2HWTests-Info.plist";
				PRODUCT_NAME = "$(TARGET_NAME)";
				TEST_HOST = "$(BUNDLE_LOADER)";
				WRAPPER_EXTENSION = xctest;
			};
			name = Release;
		};
/* End XCBuildConfiguration section */

/* Begin XCConfigurationList section */
		FDC56523194E46590063D74C /* Build configuration list for PBXProject "Week2HW" */ = {
			isa = XCConfigurationList;
			buildConfigurations = (
				FDC56552194E46590063D74C /* Debug */,
				FDC56553194E46590063D74C /* Release */,
			);
			defaultConfigurationIsVisible = 0;
			defaultConfigurationName = Release;
		};
		FDC56554194E46590063D74C /* Build configuration list for PBXNativeTarget "Week2HW" */ = {
			isa = XCConfigurationList;
			buildConfigurations = (
				FDC56555194E46590063D74C /* Debug */,
				FDC56556194E46590063D74C /* Release */,
			);
			defaultConfigurationIsVisible = 0;
		};
		FDC56557194E46590063D74C /* Build configuration list for PBXNativeTarget "Week2HWTests" */ = {
			isa = XCConfigurationList;
			buildConfigurations = (
				FDC56558194E46590063D74C /* Debug */,
				FDC56559194E46590063D74C /* Release */,
			);
			defaultConfigurationIsVisible = 0;
		};
/* End XCConfigurationList section */
	};
	rootObject = FDC56520194E46590063D74C /* Project object */;
}
